// !$*UTF8*$!
{
	archiveVersion = 1;
	classes = {
	};
	objectVersion = 50;
	objects = {

/* Begin PBXBuildFile section */
		2ED0E13E247A4E430021FDBF /* AppDelegate.swift in Sources */ = {isa = PBXBuildFile; fileRef = 2ED0E13D247A4E430021FDBF /* AppDelegate.swift */; };
		2ED0E140247A4E430021FDBF /* SceneDelegate.swift in Sources */ = {isa = PBXBuildFile; fileRef = 2ED0E13F247A4E430021FDBF /* SceneDelegate.swift */; };
		2ED0E142247A4E430021FDBF /* ViewController.swift in Sources */ = {isa = PBXBuildFile; fileRef = 2ED0E141247A4E430021FDBF /* ViewController.swift */; };
		2ED0E145247A4E430021FDBF /* Main.storyboard in Resources */ = {isa = PBXBuildFile; fileRef = 2ED0E143247A4E430021FDBF /* Main.storyboard */; };
		2ED0E147247A4E450021FDBF /* Assets.xcassets in Resources */ = {isa = PBXBuildFile; fileRef = 2ED0E146247A4E450021FDBF /* Assets.xcassets */; };
		2ED0E14A247A4E450021FDBF /* LaunchScreen.storyboard in Resources */ = {isa = PBXBuildFile; fileRef = 2ED0E148247A4E450021FDBF /* LaunchScreen.storyboard */; };
		2ED0E155247A4E450021FDBF /* salesTaxCalculatorTests.swift in Sources */ = {isa = PBXBuildFile; fileRef = 2ED0E154247A4E450021FDBF /* salesTaxCalculatorTests.swift */; };
/* End PBXBuildFile section */

/* Begin PBXContainerItemProxy section */
		2ED0E151247A4E450021FDBF /* PBXContainerItemProxy */ = {
			isa = PBXContainerItemProxy;
			containerPortal = 2ED0E132247A4E430021FDBF /* Project object */;
			proxyType = 1;
			remoteGlobalIDString = 2ED0E139247A4E430021FDBF;
			remoteInfo = salesTaxCalculator;
		};
/* End PBXContainerItemProxy section */

/* Begin PBXFileReference section */
		2ED0E13A247A4E430021FDBF /* salesTaxCalculator.app */ = {isa = PBXFileReference; explicitFileType = wrapper.application; includeInIndex = 0; path = salesTaxCalculator.app; sourceTree = BUILT_PRODUCTS_DIR; };
		2ED0E13D247A4E430021FDBF /* AppDelegate.swift */ = {isa = PBXFileReference; lastKnownFileType = sourcecode.swift; path = AppDelegate.swift; sourceTree = "<group>"; };
		2ED0E13F247A4E430021FDBF /* SceneDelegate.swift */ = {isa = PBXFileReference; lastKnownFileType = sourcecode.swift; path = SceneDelegate.swift; sourceTree = "<group>"; };
		2ED0E141247A4E430021FDBF /* ViewController.swift */ = {isa = PBXFileReference; lastKnownFileType = sourcecode.swift; path = ViewController.swift; sourceTree = "<group>"; };
		2ED0E144247A4E430021FDBF /* Base */ = {isa = PBXFileReference; lastKnownFileType = file.storyboard; name = Base; path = Base.lproj/Main.storyboard; sourceTree = "<group>"; };
		2ED0E146247A4E450021FDBF /* Assets.xcassets */ = {isa = PBXFileReference; lastKnownFileType = folder.assetcatalog; path = Assets.xcassets; sourceTree = "<group>"; };
		2ED0E149247A4E450021FDBF /* Base */ = {isa = PBXFileReference; lastKnownFileType = file.storyboard; name = Base; path = Base.lproj/LaunchScreen.storyboard; sourceTree = "<group>"; };
		2ED0E14B247A4E450021FDBF /* Info.plist */ = {isa = PBXFileReference; lastKnownFileType = text.plist.xml; path = Info.plist; sourceTree = "<group>"; };
		2ED0E150247A4E450021FDBF /* salesTaxCalculatorTests.xctest */ = {isa = PBXFileReference; explicitFileType = wrapper.cfbundle; includeInIndex = 0; path = salesTaxCalculatorTests.xctest; sourceTree = BUILT_PRODUCTS_DIR; };
		2ED0E154247A4E450021FDBF /* salesTaxCalculatorTests.swift */ = {isa = PBXFileReference; lastKnownFileType = sourcecode.swift; path = salesTaxCalculatorTests.swift; sourceTree = "<group>"; };
		2ED0E156247A4E450021FDBF /* Info.plist */ = {isa = PBXFileReference; lastKnownFileType = text.plist.xml; path = Info.plist; sourceTree = "<group>"; };
/* End PBXFileReference section */

/* Begin PBXFrameworksBuildPhase section */
		2ED0E137247A4E430021FDBF /* Frameworks */ = {
			isa = PBXFrameworksBuildPhase;
			buildActionMask = 2147483647;
			files = (
			);
			runOnlyForDeploymentPostprocessing = 0;
		};
		2ED0E14D247A4E450021FDBF /* Frameworks */ = {
			isa = PBXFrameworksBuildPhase;
			buildActionMask = 2147483647;
			files = (
			);
			runOnlyForDeploymentPostprocessing = 0;
		};
/* End PBXFrameworksBuildPhase section */

/* Begin PBXGroup section */
		2ED0E131247A4E430021FDBF = {
			isa = PBXGroup;
			children = (
				2ED0E13C247A4E430021FDBF /* salesTaxCalculator */,
				2ED0E153247A4E450021FDBF /* salesTaxCalculatorTests */,
				2ED0E13B247A4E430021FDBF /* Products */,
			);
			sourceTree = "<group>";
		};
		2ED0E13B247A4E430021FDBF /* Products */ = {
			isa = PBXGroup;
			children = (
				2ED0E13A247A4E430021FDBF /* salesTaxCalculator.app */,
				2ED0E150247A4E450021FDBF /* salesTaxCalculatorTests.xctest */,
			);
			name = Products;
			sourceTree = "<group>";
		};
		2ED0E13C247A4E430021FDBF /* salesTaxCalculator */ = {
			isa = PBXGroup;
			children = (
				2ED0E13D247A4E430021FDBF /* AppDelegate.swift */,
				2ED0E13F247A4E430021FDBF /* SceneDelegate.swift */,
				2ED0E141247A4E430021FDBF /* ViewController.swift */,
				2ED0E143247A4E430021FDBF /* Main.storyboard */,
				2ED0E146247A4E450021FDBF /* Assets.xcassets */,
				2ED0E148247A4E450021FDBF /* LaunchScreen.storyboard */,
				2ED0E14B247A4E450021FDBF /* Info.plist */,
			);
			path = salesTaxCalculator;
			sourceTree = "<group>";
		};
		2ED0E153247A4E450021FDBF /* salesTaxCalculatorTests */ = {
			isa = PBXGroup;
			children = (
				2ED0E154247A4E450021FDBF /* salesTaxCalculatorTests.swift */,
				2ED0E156247A4E450021FDBF /* Info.plist */,
			);
			path = salesTaxCalculatorTests;
			sourceTree = "<group>";
		};
/* End PBXGroup section */

/* Begin PBXNativeTarget section */
		2ED0E139247A4E430021FDBF /* salesTaxCalculator */ = {
			isa = PBXNativeTarget;
			buildConfigurationList = 2ED0E159247A4E450021FDBF /* Build configuration list for PBXNativeTarget "salesTaxCalculator" */;
			buildPhases = (
				2ED0E136247A4E430021FDBF /* Sources */,
				2ED0E137247A4E430021FDBF /* Frameworks */,
				2ED0E138247A4E430021FDBF /* Resources */,
			);
			buildRules = (
			);
			dependencies = (
			);
			name = salesTaxCalculator;
			productName = salesTaxCalculator;
			productReference = 2ED0E13A247A4E430021FDBF /* salesTaxCalculator.app */;
			productType = "com.apple.product-type.application";
		};
		2ED0E14F247A4E450021FDBF /* salesTaxCalculatorTests */ = {
			isa = PBXNativeTarget;
			buildConfigurationList = 2ED0E15C247A4E450021FDBF /* Build configuration list for PBXNativeTarget "salesTaxCalculatorTests" */;
			buildPhases = (
				2ED0E14C247A4E450021FDBF /* Sources */,
				2ED0E14D247A4E450021FDBF /* Frameworks */,
				2ED0E14E247A4E450021FDBF /* Resources */,
			);
			buildRules = (
			);
			dependencies = (
				2ED0E152247A4E450021FDBF /* PBXTargetDependency */,
			);
			name = salesTaxCalculatorTests;
			productName = salesTaxCalculatorTests;
			productReference = 2ED0E150247A4E450021FDBF /* salesTaxCalculatorTests.xctest */;
			productType = "com.apple.product-type.bundle.unit-test";
		};
/* End PBXNativeTarget section */

/* Begin PBXProject section */
		2ED0E132247A4E430021FDBF /* Project object */ = {
			isa = PBXProject;
			attributes = {
				LastSwiftUpdateCheck = 1120;
				LastUpgradeCheck = 1120;
				ORGANIZATIONNAME = "Marilyn Mao";
				TargetAttributes = {
					2ED0E139247A4E430021FDBF = {
						CreatedOnToolsVersion = 11.2;
					};
					2ED0E14F247A4E450021FDBF = {
						CreatedOnToolsVersion = 11.2;
						TestTargetID = 2ED0E139247A4E430021FDBF;
					};
				};
			};
			buildConfigurationList = 2ED0E135247A4E430021FDBF /* Build configuration list for PBXProject "salesTaxCalculator" */;
			compatibilityVersion = "Xcode 9.3";
			developmentRegion = en;
			hasScannedForEncodings = 0;
			knownRegions = (
				en,
				Base,
			);
			mainGroup = 2ED0E131247A4E430021FDBF;
			productRefGroup = 2ED0E13B247A4E430021FDBF /* Products */;
			projectDirPath = "";
			projectRoot = "";
			targets = (
				2ED0E139247A4E430021FDBF /* salesTaxCalculator */,
				2ED0E14F247A4E450021FDBF /* salesTaxCalculatorTests */,
			);
		};
/* End PBXProject section */

/* Begin PBXResourcesBuildPhase section */
		2ED0E138247A4E430021FDBF /* Resources */ = {
			isa = PBXResourcesBuildPhase;
			buildActionMask = 2147483647;
			files = (
				2ED0E14A247A4E450021FDBF /* LaunchScreen.storyboard in Resources */,
				2ED0E147247A4E450021FDBF /* Assets.xcassets in Resources */,
				2ED0E145247A4E430021FDBF /* Main.storyboard in Resources */,
			);
			runOnlyForDeploymentPostprocessing = 0;
		};
		2ED0E14E247A4E450021FDBF /* Resources */ = {
			isa = PBXResourcesBuildPhase;
			buildActionMask = 2147483647;
			files = (
			);
			runOnlyForDeploymentPostprocessing = 0;
		};
/* End PBXResourcesBuildPhase section */

/* Begin PBXSourcesBuildPhase section */
		2ED0E136247A4E430021FDBF /* Sources */ = {
			isa = PBXSourcesBuildPhase;
			buildActionMask = 2147483647;
			files = (
				2ED0E142247A4E430021FDBF /* ViewController.swift in Sources */,
				2ED0E13E247A4E430021FDBF /* AppDelegate.swift in Sources */,
				2ED0E140247A4E430021FDBF /* SceneDelegate.swift in Sources */,
			);
			runOnlyForDeploymentPostprocessing = 0;
		};
		2ED0E14C247A4E450021FDBF /* Sources */ = {
			isa = PBXSourcesBuildPhase;
			buildActionMask = 2147483647;
			files = (
				2ED0E155247A4E450021FDBF /* salesTaxCalculatorTests.swift in Sources */,
			);
			runOnlyForDeploymentPostprocessing = 0;
		};
/* End PBXSourcesBuildPhase section */

/* Begin PBXTargetDependency section */
		2ED0E152247A4E450021FDBF /* PBXTargetDependency */ = {
			isa = PBXTargetDependency;
			target = 2ED0E139247A4E430021FDBF /* salesTaxCalculator */;
			targetProxy = 2ED0E151247A4E450021FDBF /* PBXContainerItemProxy */;
		};
/* End PBXTargetDependency section */

/* Begin PBXVariantGroup section */
		2ED0E143247A4E430021FDBF /* Main.storyboard */ = {
			isa = PBXVariantGroup;
			children = (
				2ED0E144247A4E430021FDBF /* Base */,
			);
			name = Main.storyboard;
			sourceTree = "<group>";
		};
		2ED0E148247A4E450021FDBF /* LaunchScreen.storyboard */ = {
			isa = PBXVariantGroup;
			children = (
				2ED0E149247A4E450021FDBF /* Base */,
			);
			name = LaunchScreen.storyboard;
			sourceTree = "<group>";
		};
/* End PBXVariantGroup section */

/* Begin XCBuildConfiguration section */
		2ED0E157247A4E450021FDBF /* Debug */ = {
			isa = XCBuildConfiguration;
			buildSettings = {
				ALWAYS_SEARCH_USER_PATHS = NO;
				CLANG_ANALYZER_NONNULL = YES;
				CLANG_ANALYZER_NUMBER_OBJECT_CONVERSION = YES_AGGRESSIVE;
				CLANG_CXX_LANGUAGE_STANDARD = "gnu++14";
				CLANG_CXX_LIBRARY = "libc++";
				CLANG_ENABLE_MODULES = YES;
				CLANG_ENABLE_OBJC_ARC = YES;
				CLANG_ENABLE_OBJC_WEAK = YES;
				CLANG_WARN_BLOCK_CAPTURE_AUTORELEASING = YES;
				CLANG_WARN_BOOL_CONVERSION = YES;
				CLANG_WARN_COMMA = YES;
				CLANG_WARN_CONSTANT_CONVERSION = YES;
				CLANG_WARN_DEPRECATED_OBJC_IMPLEMENTATIONS = YES;
				CLANG_WARN_DIRECT_OBJC_ISA_USAGE = YES_ERROR;
				CLANG_WARN_DOCUMENTATION_COMMENTS = YES;
				CLANG_WARN_EMPTY_BODY = YES;
				CLANG_WARN_ENUM_CONVERSION = YES;
				CLANG_WARN_INFINITE_RECURSION = YES;
				CLANG_WARN_INT_CONVERSION = YES;
				CLANG_WARN_NON_LITERAL_NULL_CONVERSION = YES;
				CLANG_WARN_OBJC_IMPLICIT_RETAIN_SELF = YES;
				CLANG_WARN_OBJC_LITERAL_CONVERSION = YES;
				CLANG_WARN_OBJC_ROOT_CLASS = YES_ERROR;
				CLANG_WARN_RANGE_LOOP_ANALYSIS = YES;
				CLANG_WARN_STRICT_PROTOTYPES = YES;
				CLANG_WARN_SUSPICIOUS_MOVE = YES;
				CLANG_WARN_UNGUARDED_AVAILABILITY = YES_AGGRESSIVE;
				CLANG_WARN_UNREACHABLE_CODE = YES;
				CLANG_WARN__DUPLICATE_METHOD_MATCH = YES;
				COPY_PHASE_STRIP = NO;
				DEBUG_INFORMATION_FORMAT = dwarf;
				ENABLE_STRICT_OBJC_MSGSEND = YES;
				ENABLE_TESTABILITY = YES;
				GCC_C_LANGUAGE_STANDARD = gnu11;
				GCC_DYNAMIC_NO_PIC = NO;
				GCC_NO_COMMON_BLOCKS = YES;
				GCC_OPTIMIZATION_LEVEL = 0;
				GCC_PREPROCESSOR_DEFINITIONS = (
					"DEBUG=1",
					"$(inherited)",
				);
				GCC_WARN_64_TO_32_BIT_CONVERSION = YES;
				GCC_WARN_ABOUT_RETURN_TYPE = YES_ERROR;
				GCC_WARN_UNDECLARED_SELECTOR = YES;
				GCC_WARN_UNINITIALIZED_AUTOS = YES_AGGRESSIVE;
				GCC_WARN_UNUSED_FUNCTION = YES;
				GCC_WARN_UNUSED_VARIABLE = YES;
				IPHONEOS_DEPLOYMENT_TARGET = 13.2;
				MTL_ENABLE_DEBUG_INFO = INCLUDE_SOURCE;
				MTL_FAST_MATH = YES;
				ONLY_ACTIVE_ARCH = YES;
				SDKROOT = iphoneos;
				SWIFT_ACTIVE_COMPILATION_CONDITIONS = DEBUG;
				SWIFT_OPTIMIZATION_LEVEL = "-Onone";
			};
			name = Debug;
		};
		2ED0E158247A4E450021FDBF /* Release */ = {
			isa = XCBuildConfiguration;
			buildSettings = {
				ALWAYS_SEARCH_USER_PATHS = NO;
				CLANG_ANALYZER_NONNULL = YES;
				CLANG_ANALYZER_NUMBER_OBJECT_CONVERSION = YES_AGGRESSIVE;
				CLANG_CXX_LANGUAGE_STANDARD = "gnu++14";
				CLANG_CXX_LIBRARY = "libc++";
				CLANG_ENABLE_MODULES = YES;
				CLANG_ENABLE_OBJC_ARC = YES;
				CLANG_ENABLE_OBJC_WEAK = YES;
				CLANG_WARN_BLOCK_CAPTURE_AUTORELEASING = YES;
				CLANG_WARN_BOOL_CONVERSION = YES;
				CLANG_WARN_COMMA = YES;
				CLANG_WARN_CONSTANT_CONVERSION = YES;
				CLANG_WARN_DEPRECATED_OBJC_IMPLEMENTATIONS = YES;
				CLANG_WARN_DIRECT_OBJC_ISA_USAGE = YES_ERROR;
				CLANG_WARN_DOCUMENTATION_COMMENTS = YES;
				CLANG_WARN_EMPTY_BODY = YES;
				CLANG_WARN_ENUM_CONVERSION = YES;
				CLANG_WARN_INFINITE_RECURSION = YES;
				CLANG_WARN_INT_CONVERSION = YES;
				CLANG_WARN_NON_LITERAL_NULL_CONVERSION = YES;
				CLANG_WARN_OBJC_IMPLICIT_RETAIN_SELF = YES;
				CLANG_WARN_OBJC_LITERAL_CONVERSION = YES;
				CLANG_WARN_OBJC_ROOT_CLASS = YES_ERROR;
				CLANG_WARN_RANGE_LOOP_ANALYSIS = YES;
				CLANG_WARN_STRICT_PROTOTYPES = YES;
				CLANG_WARN_SUSPICIOUS_MOVE = YES;
				CLANG_WARN_UNGUARDED_AVAILABILITY = YES_AGGRESSIVE;
				CLANG_WARN_UNREACHABLE_CODE = YES;
				CLANG_WARN__DUPLICATE_METHOD_MATCH = YES;
				COPY_PHASE_STRIP = NO;
				DEBUG_INFORMATION_FORMAT = "dwarf-with-dsym";
				ENABLE_NS_ASSERTIONS = NO;
				ENABLE_STRICT_OBJC_MSGSEND = YES;
				GCC_C_LANGUAGE_STANDARD = gnu11;
				GCC_NO_COMMON_BLOCKS = YES;
				GCC_WARN_64_TO_32_BIT_CONVERSION = YES;
				GCC_WARN_ABOUT_RETURN_TYPE = YES_ERROR;
				GCC_WARN_UNDECLARED_SELECTOR = YES;
				GCC_WARN_UNINITIALIZED_AUTOS = YES_AGGRESSIVE;
				GCC_WARN_UNUSED_FUNCTION = YES;
				GCC_WARN_UNUSED_VARIABLE = YES;
				IPHONEOS_DEPLOYMENT_TARGET = 13.2;
				MTL_ENABLE_DEBUG_INFO = NO;
				MTL_FAST_MATH = YES;
				SDKROOT = iphoneos;
				SWIFT_COMPILATION_MODE = wholemodule;
				SWIFT_OPTIMIZATION_LEVEL = "-O";
				VALIDATE_PRODUCT = YES;
			};
			name = Release;
		};
		2ED0E15A247A4E450021FDBF /* Debug */ = {
			isa = XCBuildConfiguration;
			buildSettings = {
				ASSETCATALOG_COMPILER_APPICON_NAME = AppIcon;
				CODE_SIGN_STYLE = Automatic;
				INFOPLIST_FILE = salesTaxCalculator/Info.plist;
				LD_RUNPATH_SEARCH_PATHS = (
					"$(inherited)",
					"@executable_path/Frameworks",
				);
				PRODUCT_BUNDLE_IDENTIFIER = com.example.salesTaxCalculator;
				PRODUCT_NAME = "$(TARGET_NAME)";
				SWIFT_VERSION = 5.0;
				TARGETED_DEVICE_FAMILY = "1,2";
			};
			name = Debug;
		};
		2ED0E15B247A4E450021FDBF /* Release */ = {
			isa = XCBuildConfiguration;
			buildSettings = {
				ASSETCATALOG_COMPILER_APPICON_NAME = AppIcon;
				CODE_SIGN_STYLE = Automatic;
				INFOPLIST_FILE = salesTaxCalculator/Info.plist;
				LD_RUNPATH_SEARCH_PATHS = (
					"$(inherited)",
					"@executable_path/Frameworks",
				);
				PRODUCT_BUNDLE_IDENTIFIER = com.example.salesTaxCalculator;
				PRODUCT_NAME = "$(TARGET_NAME)";
				SWIFT_VERSION = 5.0;
				TARGETED_DEVICE_FAMILY = "1,2";
			};
			name = Release;
		};
		2ED0E15D247A4E450021FDBF /* Debug */ = {
			isa = XCBuildConfiguration;
			buildSettings = {
				ALWAYS_EMBED_SWIFT_STANDARD_LIBRARIES = YES;
				BUNDLE_LOADER = "$(TEST_HOST)";
				CODE_SIGN_STYLE = Automatic;
				INFOPLIST_FILE = salesTaxCalculatorTests/Info.plist;
				IPHONEOS_DEPLOYMENT_TARGET = 13.2;
				LD_RUNPATH_SEARCH_PATHS = (
					"$(inherited)",
					"@executable_path/Frameworks",
					"@loader_path/Frameworks",
				);
				PRODUCT_BUNDLE_IDENTIFIER = com.example.salesTaxCalculatorTests;
				PRODUCT_NAME = "$(TARGET_NAME)";
				SWIFT_VERSION = 5.0;
				TARGETED_DEVICE_FAMILY = "1,2";
				TEST_HOST = "$(BUILT_PRODUCTS_DIR)/salesTaxCalculator.app/salesTaxCalculator";
			};
			name = Debug;
		};
		2ED0E15E247A4E450021FDBF /* Release */ = {
			isa = XCBuildConfiguration;
			buildSettings = {
				ALWAYS_EMBED_SWIFT_STANDARD_LIBRARIES = YES;
				BUNDLE_LOADER = "$(TEST_HOST)";
				CODE_SIGN_STYLE = Automatic;
				INFOPLIST_FILE = salesTaxCalculatorTests/Info.plist;
				IPHONEOS_DEPLOYMENT_TARGET = 13.2;
				LD_RUNPATH_SEARCH_PATHS = (
					"$(inherited)",
					"@executable_path/Frameworks",
					"@loader_path/Frameworks",
				);
				PRODUCT_BUNDLE_IDENTIFIER = com.example.salesTaxCalculatorTests;
				PRODUCT_NAME = "$(TARGET_NAME)";
				SWIFT_VERSION = 5.0;
				TARGETED_DEVICE_FAMILY = "1,2";
				TEST_HOST = "$(BUILT_PRODUCTS_DIR)/salesTaxCalculator.app/salesTaxCalculator";
			};
			name = Release;
		};
/* End XCBuildConfiguration section */

/* Begin XCConfigurationList section */
		2ED0E135247A4E430021FDBF /* Build configuration list for PBXProject "salesTaxCalculator" */ = {
			isa = XCConfigurationList;
			buildConfigurations = (
				2ED0E157247A4E450021FDBF /* Debug */,
				2ED0E158247A4E450021FDBF /* Release */,
			);
			defaultConfigurationIsVisible = 0;
			defaultConfigurationName = Release;
		};
		2ED0E159247A4E450021FDBF /* Build configuration list for PBXNativeTarget "salesTaxCalculator" */ = {
			isa = XCConfigurationList;
			buildConfigurations = (
				2ED0E15A247A4E450021FDBF /* Debug */,
				2ED0E15B247A4E450021FDBF /* Release */,
			);
			defaultConfigurationIsVisible = 0;
			defaultConfigurationName = Release;
		};
		2ED0E15C247A4E450021FDBF /* Build configuration list for PBXNativeTarget "salesTaxCalculatorTests" */ = {
			isa = XCConfigurationList;
			buildConfigurations = (
				2ED0E15D247A4E450021FDBF /* Debug */,
				2ED0E15E247A4E450021FDBF /* Release */,
			);
			defaultConfigurationIsVisible = 0;
			defaultConfigurationName = Release;
		};
/* End XCConfigurationList section */
	};
	rootObject = 2ED0E132247A4E430021FDBF /* Project object */;
}
